
Microsoft Visual Studio Solution File, Format Version 12.00
# Visual Studio 15
VisualStudioVersion = 15.0.27004.2005
MinimumVisualStudioVersion = 10.0.40219.1
Project("{9A19103F-16F7-4668-BE54-9A1E7A4F7556}") = "AuthServer", "AuthServer\AuthServer.csproj", "{D039D2D0-7810-4A2A-BAE6-D9C8E5218D89}"
EndProject
Project("{FAE04EC0-301F-11D3-BF4B-00C04F79EFBC}") = "Common", "Common\Common.csproj", "{2F58983B-2ABA-409C-9FAC-42028E05EF55}"
EndProject
Global
	GlobalSection(SolutionConfigurationPlatforms) = preSolution
		Debug|Any CPU = Debug|Any CPU
		Release|Any CPU = Release|Any CPU
	EndGlobalSection
	GlobalSection(ProjectConfigurationPlatforms) = postSolution
		{D039D2D0-7810-4A2A-BAE6-D9C8E5218D89}.Debug|Any CPU.ActiveCfg = Debug|Any CPU
		{D039D2D0-7810-4A2A-BAE6-D9C8E5218D89}.Debug|Any CPU.Build.0 = Debug|Any CPU
		{D039D2D0-7810-4A2A-BAE6-D9C8E5218D89}.Release|Any CPU.ActiveCfg = Release|Any CPU
		{D039D2D0-7810-4A2A-BAE6-D9C8E5218D89}.Release|Any CPU.Build.0 = Release|Any CPU
		{2F58983B-2ABA-409C-9FAC-42028E05EF55}.Debug|Any CPU.ActiveCfg = Debug|Any CPU
		{2F58983B-2ABA-409C-9FAC-42028E05EF55}.Debug|Any CPU.Build.0 = Debug|Any CPU
		{2F58983B-2ABA-409C-9FAC-42028E05EF55}.Release|Any CPU.ActiveCfg = Release|Any CPU
		{2F58983B-2ABA-409C-9FAC-42028E05EF55}.Release|Any CPU.Build.0 = Release|Any CPU
	EndGlobalSection
	GlobalSection(SolutionProperties) = preSolution
		HideSolutionNode = FALSE
	EndGlobalSection
	GlobalSection(ExtensibilityGlobals) = postSolution
		SolutionGuid = {2B37030D-DCD4-4F30-AFF6-EA224DAFA187}
	EndGlobalSection
EndGlobal
